
Microsoft Visual Studio Solution File, Format Version 12.00
# Visual Studio 15
VisualStudioVersion = 15.0.28010.2003
MinimumVisualStudioVersion = 10.0.40219.1
Project("{FAE04EC0-301F-11D3-BF4B-00C04F79EFBC}") = "LetUsTest1", "LetUsTest1\LetUsTest1.csproj", "{8235ADE7-48EE-4667-BDE5-858EF7420743}"
EndProject
Global
	GlobalSection(SolutionConfigurationPlatforms) = preSolution
		Debug|Any CPU = Debug|Any CPU
		Release|Any CPU = Release|Any CPU
	EndGlobalSection
	GlobalSection(ProjectConfigurationPlatforms) = postSolution
		{8235ADE7-48EE-4667-BDE5-858EF7420743}.Debug|Any CPU.ActiveCfg = Debug|Any CPU
		{8235ADE7-48EE-4667-BDE5-858EF7420743}.Debug|Any CPU.Build.0 = Debug|Any CPU
		{8235ADE7-48EE-4667-BDE5-858EF7420743}.Release|Any CPU.ActiveCfg = Release|Any CPU
		{8235ADE7-48EE-4667-BDE5-858EF7420743}.Release|Any CPU.Build.0 = Release|Any CPU
	EndGlobalSection
	GlobalSection(SolutionProperties) = preSolution
		HideSolutionNode = FALSE
	EndGlobalSection
	GlobalSection(ExtensibilityGlobals) = postSolution
		SolutionGuid = {A74B34C2-5E6E-4996-B8B7-3612B93CEC9C}
	EndGlobalSection
EndGlobal
